
Microsoft Visual Studio Solution File, Format Version 12.00
# Visual Studio 15
VisualStudioVersion = 15.0.28010.2048
MinimumVisualStudioVersion = 10.0.40219.1
Project("{FAE04EC0-301F-11D3-BF4B-00C04F79EFBC}") = "MarkdownReader", "MarkdownReader\MarkdownReader.csproj", "{43906D35-BD6E-4CA8-9F5F-4F89AB0E5523}"
EndProject
Global
	GlobalSection(SolutionConfigurationPlatforms) = preSolution
		Debug|Any CPU = Debug|Any CPU
		Debug|x64 = Debug|x64
		Release|Any CPU = Release|Any CPU
		Release|x64 = Release|x64
	EndGlobalSection
	GlobalSection(ProjectConfigurationPlatforms) = postSolution
		{43906D35-BD6E-4CA8-9F5F-4F89AB0E5523}.Debug|Any CPU.ActiveCfg = Debug|Any CPU
		{43906D35-BD6E-4CA8-9F5F-4F89AB0E5523}.Debug|Any CPU.Build.0 = Debug|Any CPU
		{43906D35-BD6E-4CA8-9F5F-4F89AB0E5523}.Debug|x64.ActiveCfg = Debug|x64
		{43906D35-BD6E-4CA8-9F5F-4F89AB0E5523}.Debug|x64.Build.0 = Debug|x64
		{43906D35-BD6E-4CA8-9F5F-4F89AB0E5523}.Release|Any CPU.ActiveCfg = Release|Any CPU
		{43906D35-BD6E-4CA8-9F5F-4F89AB0E5523}.Release|Any CPU.Build.0 = Release|Any CPU
		{43906D35-BD6E-4CA8-9F5F-4F89AB0E5523}.Release|x64.ActiveCfg = Release|x64
		{43906D35-BD6E-4CA8-9F5F-4F89AB0E5523}.Release|x64.Build.0 = Release|x64
	EndGlobalSection
	GlobalSection(SolutionProperties) = preSolution
		HideSolutionNode = FALSE
	EndGlobalSection
	GlobalSection(ExtensibilityGlobals) = postSolution
		SolutionGuid = {FC5A2BC1-65CF-4456-8D60-172AF0F08424}
	EndGlobalSection
EndGlobal
