
Microsoft Visual Studio Solution File, Format Version 12.00
# Visual Studio 15
VisualStudioVersion = 15.0.28010.2048
MinimumVisualStudioVersion = 10.0.40219.1
Project("{FAE04EC0-301F-11D3-BF4B-00C04F79EFBC}") = "Markdown", "Markdown\Markdown.csproj", "{7F4856FA-9F1E-4B62-BEB7-EE91969EB9AB}"
EndProject
Project("{FAE04EC0-301F-11D3-BF4B-00C04F79EFBC}") = "MarkdownTests", "MarkdownTests\MarkdownTests.csproj", "{9AB9BFF5-D091-4BA6-A4DB-9BBD59415531}"
EndProject
Global
	GlobalSection(SolutionConfigurationPlatforms) = preSolution
		Debug|Any CPU = Debug|Any CPU
		Debug|x64 = Debug|x64
		Release|Any CPU = Release|Any CPU
		Release|x64 = Release|x64
	EndGlobalSection
	GlobalSection(ProjectConfigurationPlatforms) = postSolution
		{7F4856FA-9F1E-4B62-BEB7-EE91969EB9AB}.Debug|Any CPU.ActiveCfg = Debug|Any CPU
		{7F4856FA-9F1E-4B62-BEB7-EE91969EB9AB}.Debug|Any CPU.Build.0 = Debug|Any CPU
		{7F4856FA-9F1E-4B62-BEB7-EE91969EB9AB}.Debug|x64.ActiveCfg = Debug|Any CPU
		{7F4856FA-9F1E-4B62-BEB7-EE91969EB9AB}.Debug|x64.Build.0 = Debug|Any CPU
		{7F4856FA-9F1E-4B62-BEB7-EE91969EB9AB}.Release|Any CPU.ActiveCfg = Release|Any CPU
		{7F4856FA-9F1E-4B62-BEB7-EE91969EB9AB}.Release|Any CPU.Build.0 = Release|Any CPU
		{7F4856FA-9F1E-4B62-BEB7-EE91969EB9AB}.Release|x64.ActiveCfg = Release|Any CPU
		{7F4856FA-9F1E-4B62-BEB7-EE91969EB9AB}.Release|x64.Build.0 = Release|Any CPU
		{9AB9BFF5-D091-4BA6-A4DB-9BBD59415531}.Debug|Any CPU.ActiveCfg = Debug|Any CPU
		{9AB9BFF5-D091-4BA6-A4DB-9BBD59415531}.Debug|Any CPU.Build.0 = Debug|Any CPU
		{9AB9BFF5-D091-4BA6-A4DB-9BBD59415531}.Debug|x64.ActiveCfg = Debug|Any CPU
		{9AB9BFF5-D091-4BA6-A4DB-9BBD59415531}.Debug|x64.Build.0 = Debug|Any CPU
		{9AB9BFF5-D091-4BA6-A4DB-9BBD59415531}.Release|Any CPU.ActiveCfg = Release|Any CPU
		{9AB9BFF5-D091-4BA6-A4DB-9BBD59415531}.Release|Any CPU.Build.0 = Release|Any CPU
		{9AB9BFF5-D091-4BA6-A4DB-9BBD59415531}.Release|x64.ActiveCfg = Release|Any CPU
		{9AB9BFF5-D091-4BA6-A4DB-9BBD59415531}.Release|x64.Build.0 = Release|Any CPU
	EndGlobalSection
	GlobalSection(SolutionProperties) = preSolution
		HideSolutionNode = FALSE
	EndGlobalSection
	GlobalSection(ExtensibilityGlobals) = postSolution
		SolutionGuid = {FC5A2BC1-65CF-4456-8D60-172AF0F08424}
	EndGlobalSection
EndGlobal
